{
  "registry": "blamechris/skill-templates",
  "skills": {
    "agent-review": {
      "hash": "5c35725",
      "installed": "2026-07-30",
      "profileHash": "138d576",
      "targets": [
        "claude",
        "gemini",
        "codex"
      ]
    },
    "catchup": {
      "hash": "3f7f775",
      "installed": "2026-07-25",
      "profileHash": "138d576",
      "targets": [
        "claude",
        "codex"
      ]
    },
    "changelog": {
      "hash": "3254376",
      "installed": "2026-07-25",
      "profileHash": "138d576",
      "targets": [
        "claude",
        "gemini",
        "codex"
      ]
    },
    "check-pr": {
      "hash": "cc062bc",
      "installed": "2026-07-25",
      "profileHash": "138d576",
      "targets": [
        "claude",
        "gemini",
        "codex"
      ]
    },
    "create-issue": {
      "hash": "12b011f",
      "installed": "2026-07-25",
      "profileHash": "138d576",
      "targets": [
        "claude",
        "codex"
      ]
    },
    "create-pr": {
      "hash": "12b011f",
      "installed": "2026-07-25",
      "profileHash": "138d576",
      "targets": [
        "claude",
        "gemini",
        "codex"
      ]
    },
    "fix-ci": {
      "hash": "3768ea6",
      "installed": "2026-07-25",
      "profileHash": "138d576",
      "targets": [
        "claude",
        "gemini",
        "codex"
      ]
    },
    "full-review": {
      "hash": "1e5962e",
      "installed": "2026-07-25",
      "profileHash": "138d576",
      "targets": [
        "claude",
        "gemini",
        "codex"
      ]
    },
    "learn": {
      "hash": "df2de5e",
      "installed": "2026-07-30",
      "profileHash": "138d576",
      "targets": [
        "claude",
        "gemini",
        "codex"
      ]
    },
    "merge": {
      "hash": "d34b05d",
      "installed": "2026-07-25",
      "profileHash": "138d576",
      "targets": [
        "claude",
        "gemini",
        "codex"
      ]
    },
    "release": {
      "hash": "3254376",
      "installed": "2026-07-25",
      "profileHash": "138d576",
      "targets": [
        "claude",
        "gemini",
        "codex"
      ]
    },
    "rollback": {
      "hash": "969295a",
      "installed": "2026-07-25",
      "profileHash": "138d576",
      "targets": [
        "claude",
        "gemini",
        "codex"
      ]
    },
    "session-lifecycle": {
      "hash": "f7bc0db",
      "installed": "2026-07-30",
      "profileHash": "138d576",
      "targets": [
        "claude",
        "gemini",
        "codex"
      ]
    },
    "skill": {
      "hash": "7b4d37f",
      "installed": "2026-07-30",
      "profileHash": "138d576",
      "targets": [
        "claude",
        "codex"
      ]
    },
    "skill-profile": {
      "hash": "ea888eb",
      "installed": "2026-07-30",
      "profileHash": "138d576",
      "targets": [
        "claude",
        "codex"
      ]
    },
    "tiered-delegation": {
      "hash": "a9ed830",
      "installed": "2026-07-30",
      "profileHash": "138d576",
      "targets": [
        "claude",
        "gemini",
        "codex"
      ]
    },
    "visual-brief": {
      "hash": "a85c799",
      "installed": "2026-07-30",
      "profileHash": "138d576",
      "targets": [
        "claude",
        "codex"
      ]
    }
  }
}
